{
  "name": "api",
  "version": "1.0.0",
  "lockfileVersion": 2,
  "requires": true,
  "packages": {
    "": {
      "name": "api",
      "version": "1.0.0",
      "dependencies": {
        "@azure/functions": "^4.0.0"
      },
      "devDependencies": {}
    },
    "node_modules/@azure/functions": {
      "version": "4.4.0",
      "resolved": "https://registry.npmjs.org/@azure/functions/-/functions-4.4.0.tgz",
      "integrity": "sha512-debidWolFTsfapsK53ftzLtXJc3dbYYPc9UqJoEm1GAj1lS7jFMARQnbfTQPDqBIhuJxLZ9D8WVvhIEV7Hifzw==",
      "dependencies": {
        "cookie": "^0.6.0",
        "long": "^4.0.0",
        "undici": "^5.13.0"
      },
      "engines": {
        "node": ">=18.0"
      }
    },
    "node_modules/busboy": {
      "version": "1.6.0",
      "resolved": "https://registry.npmjs.org/busboy/-/busboy-1.6.0.tgz",
      "integrity": "sha512-8SFQbg/0hQ9xy3UNTB0YEnsNBbWfhf7RtnzpL7TkBiTBRfrQ9Fxcnz7VJsleJpyp6rVLvXiuORqjlHi5q+PYuA==",
      "dependencies": {
        "streamsearch": "^1.1.0"
      },
      "engines": {
        "node": ">=10.16.0"
      }
    },
    "node_modules/cookie": {
      "version": "0.6.0",
      "resolved": "https://registry.npmjs.org/cookie/-/cookie-0.6.0.tgz",
      "integrity": "sha512-U71cyTamuh1CRNCfpGY6to28lxvNwPG4Guz/EVjgf3Jmzv0vlDp1atT9eS5dDjMYHucpHbWns6Lwf3BKz6svdw==",
      "engines": {
        "node": ">= 0.6"
      }
    },
    "node_modules/long": {
      "version": "4.0.0",
      "resolved": "https://registry.npmjs.org/long/-/long-4.0.0.tgz",
      "integrity": "sha512-XsP+KhQif4bjX1kbuSiySJFNAehNxgLb6hPRGJ9QsUr8ajHkuXGdrHmFUTUUXhDwVX2R5bY4JNZEwbUiMhV+MA=="
    },
    "node_modules/streamsearch": {
      "version": "1.1.0",
      "resolved": "https://registry.npmjs.org/streamsearch/-/streamsearch-1.1.0.tgz",
      "integrity": "sha512-Mcc5wHehp9aXz1ax6bZUyY5afg9u2rv5cqQI3mRrYkGC8rW2hM02jWuwjtL++LS5qinSyhj2QfLyNsuc+VsExg==",
      "engines": {
        "node": ">=10.0.0"
      }
    },
    "node_modules/undici": {
      "version": "5.21.2",
      "resolved": "https://registry.npmjs.org/undici/-/undici-5.21.2.tgz",
      "integrity": "sha512-f6pTQ9RF4DQtwoWSaC42P/NKlUjvezVvd9r155ohqkwFNRyBKM3f3pcty3ouusefNRyM25XhIQEbeQ46sZDJfQ==",
      "dependencies": {
        "busboy": "^1.6.0"
      },
      "engines": {
        "node": ">=12.18"
      }
    }
  },
  "dependencies": {
    "@azure/functions": {
      "version": "4.4.0",
      "resolved": "https://registry.npmjs.org/@azure/functions/-/functions-4.4.0.tgz",
      "integrity": "sha512-debidWolFTsfapsK53ftzLtXJc3dbYYPc9UqJoEm1GAj1lS7jFMARQnbfTQPDqBIhuJxLZ9D8WVvhIEV7Hifzw==",
      "requires": {
        "cookie": "^0.6.0",
        "long": "^4.0.0",
        "undici": "^5.13.0"
      }
    },
    "busboy": {
      "version": "1.6.0",
      "resolved": "https://registry.npmjs.org/busboy/-/busboy-1.6.0.tgz",
      "integrity": "sha512-8SFQbg/0hQ9xy3UNTB0YEnsNBbWfhf7RtnzpL7TkBiTBRfrQ9Fxcnz7VJsleJpyp6rVLvXiuORqjlHi5q+PYuA==",
      "requires": {
        "streamsearch": "^1.1.0"
      }
    },
    "cookie": {
      "version": "0.6.0",
      "resolved": "https://registry.npmjs.org/cookie/-/cookie-0.6.0.tgz",
      "integrity": "sha512-U71cyTamuh1CRNCfpGY6to28lxvNwPG4Guz/EVjgf3Jmzv0vlDp1atT9eS5dDjMYHucpHbWns6Lwf3BKz6svdw=="
    },
    "long": {
      "version": "4.0.0",
      "resolved": "https://registry.npmjs.org/long/-/long-4.0.0.tgz",
      "integrity": "sha512-XsP+KhQif4bjX1kbuSiySJFNAehNxgLb6hPRGJ9QsUr8ajHkuXGdrHmFUTUUXhDwVX2R5bY4JNZEwbUiMhV+MA=="
    },
    "streamsearch": {
      "version": "1.1.0",
      "resolved": "https://registry.npmjs.org/streamsearch/-/streamsearch-1.1.0.tgz",
      "integrity": "sha512-Mcc5wHehp9aXz1ax6bZUyY5afg9u2rv5cqQI3mRrYkGC8rW2hM02jWuwjtL++LS5qinSyhj2QfLyNsuc+VsExg=="
    },
    "undici": {
      "version": "5.21.2",
      "resolved": "https://registry.npmjs.org/undici/-/undici-5.21.2.tgz",
      "integrity": "sha512-f6pTQ9RF4DQtwoWSaC42P/NKlUjvezVvd9r155ohqkwFNRyBKM3f3pcty3ouusefNRyM25XhIQEbeQ46sZDJfQ==",
      "requires": {
        "busboy": "^1.6.0"
      }
    }
  }
}
